// !$*UTF8*$!
{
	archiveVersion = 1;
	classes = {
	};
	objectVersion = 46;
	objects = {

/* Begin PBXBuildFile section */
		2256C7F919C8E26000E0E4BD /* AppDelegate.swift in Sources */ = {isa = PBXBuildFile; fileRef = 2256C7F819C8E26000E0E4BD /* AppDelegate.swift */; };
		2256C7FB19C8E26000E0E4BD /* ViewController.swift in Sources */ = {isa = PBXBuildFile; fileRef = 2256C7FA19C8E26000E0E4BD /* ViewController.swift */; };
		2256C7FE19C8E26000E0E4BD /* Main.storyboard in Resources */ = {isa = PBXBuildFile; fileRef = 2256C7FC19C8E26000E0E4BD /* Main.storyboard */; };
		2256C80019C8E26000E0E4BD /* Images.xcassets in Resources */ = {isa = PBXBuildFile; fileRef = 2256C7FF19C8E26000E0E4BD /* Images.xcassets */; };
		2256C80C19C8E26100E0E4BD /* PostcardTests.swift in Sources */ = {isa = PBXBuildFile; fileRef = 2256C80B19C8E26100E0E4BD /* PostcardTests.swift */; };
/* End PBXBuildFile section */

/* Begin PBXContainerItemProxy section */
		2256C80619C8E26100E0E4BD /* PBXContainerItemProxy */ = {
			isa = PBXContainerItemProxy;
			containerPortal = 2256C7EB19C8E26000E0E4BD /* Project object */;
			proxyType = 1;
			remoteGlobalIDString = 2256C7F219C8E26000E0E4BD;
			remoteInfo = Postcard;
		};
/* End PBXContainerItemProxy section */

/* Begin PBXFileReference section */
		2256C7F319C8E26000E0E4BD /* Postcard.app */ = {isa = PBXFileReference; explicitFileType = wrapper.application; includeInIndex = 0; path = Postcard.app; sourceTree = BUILT_PRODUCTS_DIR; };
		2256C7F719C8E26000E0E4BD /* Info.plist */ = {isa = PBXFileReference; lastKnownFileType = text.plist.xml; path = Info.plist; sourceTree = "<group>"; };
		2256C7F819C8E26000E0E4BD /* AppDelegate.swift */ = {isa = PBXFileReference; lastKnownFileType = sourcecode.swift; path = AppDelegate.swift; sourceTree = "<group>"; };
		2256C7FA19C8E26000E0E4BD /* ViewController.swift */ = {isa = PBXFileReference; lastKnownFileType = sourcecode.swift; path = ViewController.swift; sourceTree = "<group>"; };
		2256C7FD19C8E26000E0E4BD /* Base */ = {isa = PBXFileReference; lastKnownFileType = file.storyboard; name = Base; path = Base.lproj/Main.storyboard; sourceTree = "<group>"; };
		2256C7FF19C8E26000E0E4BD /* Images.xcassets */ = {isa = PBXFileReference; lastKnownFileType = folder.assetcatalog; path = Images.xcassets; sourceTree = "<group>"; };
		2256C80519C8E26100E0E4BD /* PostcardTests.xctest */ = {isa = PBXFileReference; explicitFileType = wrapper.cfbundle; includeInIndex = 0; path = PostcardTests.xctest; sourceTree = BUILT_PRODUCTS_DIR; };
		2256C80A19C8E26100E0E4BD /* Info.plist */ = {isa = PBXFileReference; lastKnownFileType = text.plist.xml; path = Info.plist; sourceTree = "<group>"; };
		2256C80B19C8E26100E0E4BD /* PostcardTests.swift */ = {isa = PBXFileReference; lastKnownFileType = sourcecode.swift; path = PostcardTests.swift; sourceTree = "<group>"; };
/* End PBXFileReference section */

/* Begin PBXFrameworksBuildPhase section */
		2256C7F019C8E26000E0E4BD /* Frameworks */ = {
			isa = PBXFrameworksBuildPhase;
			buildActionMask = 2147483647;
			files = (
			);
			runOnlyForDeploymentPostprocessing = 0;
		};
		2256C80219C8E26100E0E4BD /* Frameworks */ = {
			isa = PBXFrameworksBuildPhase;
			buildActionMask = 2147483647;
			files = (
			);
			runOnlyForDeploymentPostprocessing = 0;
		};
/* End PBXFrameworksBuildPhase section */

/* Begin PBXGroup section */
		2256C7EA19C8E26000E0E4BD = {
			isa = PBXGroup;
			children = (
				2256C7F519C8E26000E0E4BD /* Postcard */,
				2256C80819C8E26100E0E4BD /* PostcardTests */,
				2256C7F419C8E26000E0E4BD /* Products */,
			);
			sourceTree = "<group>";
		};
		2256C7F419C8E26000E0E4BD /* Products */ = {
			isa = PBXGroup;
			children = (
				2256C7F319C8E26000E0E4BD /* Postcard.app */,
				2256C80519C8E26100E0E4BD /* PostcardTests.xctest */,
			);
			name = Products;
			sourceTree = "<group>";
		};
		2256C7F519C8E26000E0E4BD /* Postcard */ = {
			isa = PBXGroup;
			children = (
				2256C7F819C8E26000E0E4BD /* AppDelegate.swift */,
				2256C7FA19C8E26000E0E4BD /* ViewController.swift */,
				2256C7FC19C8E26000E0E4BD /* Main.storyboard */,
				2256C7FF19C8E26000E0E4BD /* Images.xcassets */,
				2256C7F619C8E26000E0E4BD /* Supporting Files */,
			);
			path = Postcard;
			sourceTree = "<group>";
		};
		2256C7F619C8E26000E0E4BD /* Supporting Files */ = {
			isa = PBXGroup;
			children = (
				2256C7F719C8E26000E0E4BD /* Info.plist */,
			);
			name = "Supporting Files";
			sourceTree = "<group>";
		};
		2256C80819C8E26100E0E4BD /* PostcardTests */ = {
			isa = PBXGroup;
			children = (
				2256C80B19C8E26100E0E4BD /* PostcardTests.swift */,
				2256C80919C8E26100E0E4BD /* Supporting Files */,
			);
			path = PostcardTests;
			sourceTree = "<group>";
		};
		2256C80919C8E26100E0E4BD /* Supporting Files */ = {
			isa = PBXGroup;
			children = (
				2256C80A19C8E26100E0E4BD /* Info.plist */,
			);
			name = "Supporting Files";
			sourceTree = "<group>";
		};
/* End PBXGroup section */

/* Begin PBXNativeTarget section */
		2256C7F219C8E26000E0E4BD /* Postcard */ = {
			isa = PBXNativeTarget;
			buildConfigurationList = 2256C80F19C8E26100E0E4BD /* Build configuration list for PBXNativeTarget "Postcard" */;
			buildPhases = (
				2256C7EF19C8E26000E0E4BD /* Sources */,
				2256C7F019C8E26000E0E4BD /* Frameworks */,
				2256C7F119C8E26000E0E4BD /* Resources */,
			);
			buildRules = (
			);
			dependencies = (
			);
			name = Postcard;
			productName = Postcard;
			productReference = 2256C7F319C8E26000E0E4BD /* Postcard.app */;
			productType = "com.apple.product-type.application";
		};
		2256C80419C8E26100E0E4BD /* PostcardTests */ = {
			isa = PBXNativeTarget;
			buildConfigurationList = 2256C81219C8E26100E0E4BD /* Build configuration list for PBXNativeTarget "PostcardTests" */;
			buildPhases = (
				2256C80119C8E26100E0E4BD /* Sources */,
				2256C80219C8E26100E0E4BD /* Frameworks */,
				2256C80319C8E26100E0E4BD /* Resources */,
			);
			buildRules = (
			);
			dependencies = (
				2256C80719C8E26100E0E4BD /* PBXTargetDependency */,
			);
			name = PostcardTests;
			productName = PostcardTests;
			productReference = 2256C80519C8E26100E0E4BD /* PostcardTests.xctest */;
			productType = "com.apple.product-type.bundle.unit-test";
		};
/* End PBXNativeTarget section */

/* Begin PBXProject section */
		2256C7EB19C8E26000E0E4BD /* Project object */ = {
			isa = PBXProject;
			attributes = {
				LastUpgradeCheck = 0600;
				ORGANIZATIONNAME = Myriad;
				TargetAttributes = {
					2256C7F219C8E26000E0E4BD = {
						CreatedOnToolsVersion = 6.0;
					};
					2256C80419C8E26100E0E4BD = {
						CreatedOnToolsVersion = 6.0;
						TestTargetID = 2256C7F219C8E26000E0E4BD;
					};
				};
			};
			buildConfigurationList = 2256C7EE19C8E26000E0E4BD /* Build configuration list for PBXProject "Postcard" */;
			compatibilityVersion = "Xcode 3.2";
			developmentRegion = English;
			hasScannedForEncodings = 0;
			knownRegions = (
				en,
				Base,
			);
			mainGroup = 2256C7EA19C8E26000E0E4BD;
			productRefGroup = 2256C7F419C8E26000E0E4BD /* Products */;
			projectDirPath = "";
			projectRoot = "";
			targets = (
				2256C7F219C8E26000E0E4BD /* Postcard */,
				2256C80419C8E26100E0E4BD /* PostcardTests */,
			);
		};
/* End PBXProject section */

/* Begin PBXResourcesBuildPhase section */
		2256C7F119C8E26000E0E4BD /* Resources */ = {
			isa = PBXResourcesBuildPhase;
			buildActionMask = 2147483647;
			files = (
				2256C7FE19C8E26000E0E4BD /* Main.storyboard in Resources */,
				2256C80019C8E26000E0E4BD /* Images.xcassets in Resources */,
			);
			runOnlyForDeploymentPostprocessing = 0;
		};
		2256C80319C8E26100E0E4BD /* Resources */ = {
			isa = PBXResourcesBuildPhase;
			buildActionMask = 2147483647;
			files = (
			);
			runOnlyForDeploymentPostprocessing = 0;
		};
/* End PBXResourcesBuildPhase section */

/* Begin PBXSourcesBuildPhase section */
		2256C7EF19C8E26000E0E4BD /* Sources */ = {
			isa = PBXSourcesBuildPhase;
			buildActionMask = 2147483647;
			files = (
				2256C7FB19C8E26000E0E4BD /* ViewController.swift in Sources */,
				2256C7F919C8E26000E0E4BD /* AppDelegate.swift in Sources */,
			);
			runOnlyForDeploymentPostprocessing = 0;
		};
		2256C80119C8E26100E0E4BD /* Sources */ = {
			isa = PBXSourcesBuildPhase;
			buildActionMask = 2147483647;
			files = (
				2256C80C19C8E26100E0E4BD /* PostcardTests.swift in Sources */,
			);
			runOnlyForDeploymentPostprocessing = 0;
		};
/* End PBXSourcesBuildPhase section */

/* Begin PBXTargetDependency section */
		2256C80719C8E26100E0E4BD /* PBXTargetDependency */ = {
			isa = PBXTargetDependency;
			target = 2256C7F219C8E26000E0E4BD /* Postcard */;
			targetProxy = 2256C80619C8E26100E0E4BD /* PBXContainerItemProxy */;
		};
/* End PBXTargetDependency section */

/* Begin PBXVariantGroup section */
		2256C7FC19C8E26000E0E4BD /* Main.storyboard */ = {
			isa = PBXVariantGroup;
			children = (
				2256C7FD19C8E26000E0E4BD /* Base */,
			);
			name = Main.storyboard;
			sourceTree = "<group>";
		};
/* End PBXVariantGroup section */

/* Begin XCBuildConfiguration section */
		2256C80D19C8E26100E0E4BD /* Debug */ = {
			isa = XCBuildConfiguration;
			buildSettings = {
				ALWAYS_SEARCH_USER_PATHS = NO;
				CLANG_CXX_LANGUAGE_STANDARD = "gnu++0x";
				CLANG_CXX_LIBRARY = "libc++";
				CLANG_ENABLE_MODULES = YES;
				CLANG_ENABLE_OBJC_ARC = YES;
				CLANG_WARN_BOOL_CONVERSION = YES;
				CLANG_WARN_CONSTANT_CONVERSION = YES;
				CLANG_WARN_DIRECT_OBJC_ISA_USAGE = YES_ERROR;
				CLANG_WARN_EMPTY_BODY = YES;
				CLANG_WARN_ENUM_CONVERSION = YES;
				CLANG_WARN_INT_CONVERSION = YES;
				CLANG_WARN_OBJC_ROOT_CLASS = YES_ERROR;
				CLANG_WARN_UNREACHABLE_CODE = YES;
				CLANG_WARN__DUPLICATE_METHOD_MATCH = YES;
				"CODE_SIGN_IDENTITY[sdk=iphoneos*]" = "iPhone Developer";
				COPY_PHASE_STRIP = NO;
				ENABLE_STRICT_OBJC_MSGSEND = YES;
				GCC_C_LANGUAGE_STANDARD = gnu99;
				GCC_DYNAMIC_NO_PIC = NO;
				GCC_OPTIMIZATION_LEVEL = 0;
				GCC_PREPROCESSOR_DEFINITIONS = (
					"DEBUG=1",
					"$(inherited)",
				);
				GCC_SYMBOLS_PRIVATE_EXTERN = NO;
				GCC_WARN_64_TO_32_BIT_CONVERSION = YES;
				GCC_WARN_ABOUT_RETURN_TYPE = YES_ERROR;
				GCC_WARN_UNDECLARED_SELECTOR = YES;
				GCC_WARN_UNINITIALIZED_AUTOS = YES_AGGRESSIVE;
				GCC_WARN_UNUSED_FUNCTION = YES;
				GCC_WARN_UNUSED_VARIABLE = YES;
				IPHONEOS_DEPLOYMENT_TARGET = 8.0;
				MTL_ENABLE_DEBUG_INFO = YES;
				ONLY_ACTIVE_ARCH = YES;
				SDKROOT = iphoneos;
				SWIFT_OPTIMIZATION_LEVEL = "-Onone";
			};
			name = Debug;
		};
		2256C80E19C8E26100E0E4BD /* Release */ = {
			isa = XCBuildConfiguration;
			buildSettings = {
				ALWAYS_SEARCH_USER_PATHS = NO;
				CLANG_CXX_LANGUAGE_STANDARD = "gnu++0x";
				CLANG_CXX_LIBRARY = "libc++";
				CLANG_ENABLE_MODULES = YES;
				CLANG_ENABLE_OBJC_ARC = YES;
				CLANG_WARN_BOOL_CONVERSION = YES;
				CLANG_WARN_CONSTANT_CONVERSION = YES;
				CLANG_WARN_DIRECT_OBJC_ISA_USAGE = YES_ERROR;
				CLANG_WARN_EMPTY_BODY = YES;
				CLANG_WARN_ENUM_CONVERSION = YES;
				CLANG_WARN_INT_CONVERSION = YES;
				CLANG_WARN_OBJC_ROOT_CLASS = YES_ERROR;
				CLANG_WARN_UNREACHABLE_CODE = YES;
				CLANG_WARN__DUPLICATE_METHOD_MATCH = YES;
				"CODE_SIGN_IDENTITY[sdk=iphoneos*]" = "iPhone Developer";
				COPY_PHASE_STRIP = YES;
				ENABLE_NS_ASSERTIONS = NO;
				ENABLE_STRICT_OBJC_MSGSEND = YES;
				GCC_C_LANGUAGE_STANDARD = gnu99;
				GCC_WARN_64_TO_32_BIT_CONVERSION = YES;
				GCC_WARN_ABOUT_RETURN_TYPE = YES_ERROR;
				GCC_WARN_UNDECLARED_SELECTOR = YES;
				GCC_WARN_UNINITIALIZED_AUTOS = YES_AGGRESSIVE;
				GCC_WARN_UNUSED_FUNCTION = YES;
				GCC_WARN_UNUSED_VARIABLE = YES;
				IPHONEOS_DEPLOYMENT_TARGET = 8.0;
				MTL_ENABLE_DEBUG_INFO = NO;
				SDKROOT = iphoneos;
				VALIDATE_PRODUCT = YES;
			};
			name = Release;
		};
		2256C81019C8E26100E0E4BD /* Debug */ = {
			isa = XCBuildConfiguration;
			buildSettings = {
				ASSETCATALOG_COMPILER_APPICON_NAME = AppIcon;
				ASSETCATALOG_COMPILER_LAUNCHIMAGE_NAME = LaunchImage;
				INFOPLIST_FILE = Postcard/Info.plist;
				LD_RUNPATH_SEARCH_PATHS = "$(inherited) @executable_path/Frameworks";
				PRODUCT_NAME = "$(TARGET_NAME)";
			};
			name = Debug;
		};
		2256C81119C8E26100E0E4BD /* Release */ = {
			isa = XCBuildConfiguration;
			buildSettings = {
				ASSETCATALOG_COMPILER_APPICON_NAME = AppIcon;
				ASSETCATALOG_COMPILER_LAUNCHIMAGE_NAME = LaunchImage;
				INFOPLIST_FILE = Postcard/Info.plist;
				LD_RUNPATH_SEARCH_PATHS = "$(inherited) @executable_path/Frameworks";
				PRODUCT_NAME = "$(TARGET_NAME)";
			};
			name = Release;
		};
		2256C81319C8E26100E0E4BD /* Debug */ = {
			isa = XCBuildConfiguration;
			buildSettings = {
				BUNDLE_LOADER = "$(BUILT_PRODUCTS_DIR)/Postcard.app/Postcard";
				FRAMEWORK_SEARCH_PATHS = (
					"$(SDKROOT)/Developer/Library/Frameworks",
					"$(inherited)",
				);
				GCC_PREPROCESSOR_DEFINITIONS = (
					"DEBUG=1",
					"$(inherited)",
				);
				INFOPLIST_FILE = PostcardTests/Info.plist;
				LD_RUNPATH_SEARCH_PATHS = "$(inherited) @executable_path/Frameworks @loader_path/Frameworks";
				PRODUCT_NAME = "$(TARGET_NAME)";
				TEST_HOST = "$(BUNDLE_LOADER)";
			};
			name = Debug;
		};
		2256C81419C8E26100E0E4BD /* Release */ = {
			isa = XCBuildConfiguration;
			buildSettings = {
				BUNDLE_LOADER = "$(BUILT_PRODUCTS_DIR)/Postcard.app/Postcard";
				FRAMEWORK_SEARCH_PATHS = (
					"$(SDKROOT)/Developer/Library/Frameworks",
					"$(inherited)",
				);
				INFOPLIST_FILE = PostcardTests/Info.plist;
				LD_RUNPATH_SEARCH_PATHS = "$(inherited) @executable_path/Frameworks @loader_path/Frameworks";
				PRODUCT_NAME = "$(TARGET_NAME)";
				TEST_HOST = "$(BUNDLE_LOADER)";
			};
			name = Release;
		};
/* End XCBuildConfiguration section */

/* Begin XCConfigurationList section */
		2256C7EE19C8E26000E0E4BD /* Build configuration list for PBXProject "Postcard" */ = {
			isa = XCConfigurationList;
			buildConfigurations = (
				2256C80D19C8E26100E0E4BD /* Debug */,
				2256C80E19C8E26100E0E4BD /* Release */,
			);
			defaultConfigurationIsVisible = 0;
			defaultConfigurationName = Release;
		};
		2256C80F19C8E26100E0E4BD /* Build configuration list for PBXNativeTarget "Postcard" */ = {
			isa = XCConfigurationList;
			buildConfigurations = (
				2256C81019C8E26100E0E4BD /* Debug */,
				2256C81119C8E26100E0E4BD /* Release */,
			);
			defaultConfigurationIsVisible = 0;
			defaultConfigurationName = Release;
		};
		2256C81219C8E26100E0E4BD /* Build configuration list for PBXNativeTarget "PostcardTests" */ = {
			isa = XCConfigurationList;
			buildConfigurations = (
				2256C81319C8E26100E0E4BD /* Debug */,
				2256C81419C8E26100E0E4BD /* Release */,
			);
			defaultConfigurationIsVisible = 0;
			defaultConfigurationName = Release;
		};
/* End XCConfigurationList section */
	};
	rootObject = 2256C7EB19C8E26000E0E4BD /* Project object */;
}
